// !$*UTF8*$!
{
	archiveVersion = 1;
	classes = {
	};
	objectVersion = 46;
	objects = {

/* Begin PBXBuildFile section */
		C30E077B1B99529A00C22465 /* upload76.png in Resources */ = {isa = PBXBuildFile; fileRef = C30E07791B99529A00C22465 /* upload76.png */; };
		C30E077C1B99529A00C22465 /* upload152.png in Resources */ = {isa = PBXBuildFile; fileRef = C30E077A1B99529A00C22465 /* upload152.png */; };
		C3766C5E1B43C4D800E846CB /* Json.m in Sources */ = {isa = PBXBuildFile; fileRef = C3766C5D1B43C4D800E846CB /* Json.m */; };
		C3766C611B43CFBE00E846CB /* SecondViewController.m in Sources */ = {isa = PBXBuildFile; fileRef = C3766C601B43CFBE00E846CB /* SecondViewController.m */; };
		C3766C641B43CFD800E846CB /* ThirdViewController.m in Sources */ = {isa = PBXBuildFile; fileRef = C3766C631B43CFD800E846CB /* ThirdViewController.m */; };
		C3D992A11B392630005D013F /* main.m in Sources */ = {isa = PBXBuildFile; fileRef = C3D992A01B392630005D013F /* main.m */; };
		C3D992A41B392630005D013F /* AppDelegate.m in Sources */ = {isa = PBXBuildFile; fileRef = C3D992A31B392630005D013F /* AppDelegate.m */; };
		C3D992A71B392630005D013F /* PhotoUpload.xcdatamodeld in Sources */ = {isa = PBXBuildFile; fileRef = C3D992A51B392630005D013F /* PhotoUpload.xcdatamodeld */; };
		C3D992AA1B392630005D013F /* FirstViewController.m in Sources */ = {isa = PBXBuildFile; fileRef = C3D992A91B392630005D013F /* FirstViewController.m */; };
		C3D992AD1B392630005D013F /* Main.storyboard in Resources */ = {isa = PBXBuildFile; fileRef = C3D992AB1B392630005D013F /* Main.storyboard */; };
		C3D992AF1B392630005D013F /* Images.xcassets in Resources */ = {isa = PBXBuildFile; fileRef = C3D992AE1B392630005D013F /* Images.xcassets */; };
		C3D992BE1B392630005D013F /* PhotoUploadTests.m in Sources */ = {isa = PBXBuildFile; fileRef = C3D992BD1B392630005D013F /* PhotoUploadTests.m */; };
		C3D992C91B3928D6005D013F /* PhotoViewController.m in Sources */ = {isa = PBXBuildFile; fileRef = C3D992C81B3928D6005D013F /* PhotoViewController.m */; };
		C3D992CB1B392A88005D013F /* AdSupport.framework in Frameworks */ = {isa = PBXBuildFile; fileRef = C3D992CA1B392A88005D013F /* AdSupport.framework */; };
		C3D992CD1B392AA9005D013F /* UIKit.framework in Frameworks */ = {isa = PBXBuildFile; fileRef = C3D992CC1B392AA9005D013F /* UIKit.framework */; };
		C3D992CF1B392AB8005D013F /* Foundation.framework in Frameworks */ = {isa = PBXBuildFile; fileRef = C3D992CE1B392AB8005D013F /* Foundation.framework */; };
		C3D992D11B392AC2005D013F /* CoreGraphics.framework in Frameworks */ = {isa = PBXBuildFile; fileRef = C3D992D01B392AC2005D013F /* CoreGraphics.framework */; };
		C3D992D41B392F19005D013F /* btn053_09.png in Resources */ = {isa = PBXBuildFile; fileRef = C3D992D31B392F19005D013F /* btn053_09.png */; };
		C3F182281B4626AE00541182 /* WebViewController.m in Sources */ = {isa = PBXBuildFile; fileRef = C3F182271B4626AE00541182 /* WebViewController.m */; };
		C3F1822A1B465C7900541182 /* btn_green.png in Resources */ = {isa = PBXBuildFile; fileRef = C3F182291B465C7900541182 /* btn_green.png */; };
/* End PBXBuildFile section */

/* Begin PBXContainerItemProxy section */
		C3D992B81B392630005D013F /* PBXContainerItemProxy */ = {
			isa = PBXContainerItemProxy;
			containerPortal = C3D992931B392630005D013F /* Project object */;
			proxyType = 1;
			remoteGlobalIDString = C3D9929A1B392630005D013F;
			remoteInfo = PhotoUpload;
		};
/* End PBXContainerItemProxy section */

/* Begin PBXFileReference section */
		C30E07791B99529A00C22465 /* upload76.png */ = {isa = PBXFileReference; lastKnownFileType = image.png; path = upload76.png; sourceTree = "<group>"; };
		C30E077A1B99529A00C22465 /* upload152.png */ = {isa = PBXFileReference; lastKnownFileType = image.png; path = upload152.png; sourceTree = "<group>"; };
		C31851991B68BC9B004BA645 /* ja */ = {isa = PBXFileReference; lastKnownFileType = text.plist.strings; name = ja; path = ja.lproj/Main.strings; sourceTree = "<group>"; };
		C3766C5C1B43C4D800E846CB /* Json.h */ = {isa = PBXFileReference; fileEncoding = 4; lastKnownFileType = sourcecode.c.h; name = Json.h; path = ../Json.h; sourceTree = "<group>"; };
		C3766C5D1B43C4D800E846CB /* Json.m */ = {isa = PBXFileReference; fileEncoding = 4; lastKnownFileType = sourcecode.c.objc; name = Json.m; path = ../Json.m; sourceTree = "<group>"; };
		C3766C5F1B43CFBE00E846CB /* SecondViewController.h */ = {isa = PBXFileReference; fileEncoding = 4; lastKnownFileType = sourcecode.c.h; name = SecondViewController.h; path = ../SecondViewController.h; sourceTree = "<group>"; };
		C3766C601B43CFBE00E846CB /* SecondViewController.m */ = {isa = PBXFileReference; fileEncoding = 4; lastKnownFileType = sourcecode.c.objc; name = SecondViewController.m; path = ../SecondViewController.m; sourceTree = "<group>"; };
		C3766C621B43CFD800E846CB /* ThirdViewController.h */ = {isa = PBXFileReference; fileEncoding = 4; lastKnownFileType = sourcecode.c.h; name = ThirdViewController.h; path = ../ThirdViewController.h; sourceTree = "<group>"; };
		C3766C631B43CFD800E846CB /* ThirdViewController.m */ = {isa = PBXFileReference; fileEncoding = 4; lastKnownFileType = sourcecode.c.objc; name = ThirdViewController.m; path = ../ThirdViewController.m; sourceTree = "<group>"; };
		C3D9929B1B392630005D013F /* PhotoUpload.app */ = {isa = PBXFileReference; explicitFileType = wrapper.application; includeInIndex = 0; path = PhotoUpload.app; sourceTree = BUILT_PRODUCTS_DIR; };
		C3D9929F1B392630005D013F /* Info.plist */ = {isa = PBXFileReference; lastKnownFileType = text.plist.xml; path = Info.plist; sourceTree = "<group>"; };
		C3D992A01B392630005D013F /* main.m */ = {isa = PBXFileReference; lastKnownFileType = sourcecode.c.objc; path = main.m; sourceTree = "<group>"; };
		C3D992A21B392630005D013F /* AppDelegate.h */ = {isa = PBXFileReference; lastKnownFileType = sourcecode.c.h; path = AppDelegate.h; sourceTree = "<group>"; };
		C3D992A31B392630005D013F /* AppDelegate.m */ = {isa = PBXFileReference; lastKnownFileType = sourcecode.c.objc; path = AppDelegate.m; sourceTree = "<group>"; };
		C3D992A61B392630005D013F /* PhotoUpload.xcdatamodel */ = {isa = PBXFileReference; lastKnownFileType = wrapper.xcdatamodel; path = PhotoUpload.xcdatamodel; sourceTree = "<group>"; };
		C3D992A81B392630005D013F /* FirstViewController.h */ = {isa = PBXFileReference; lastKnownFileType = sourcecode.c.h; path = FirstViewController.h; sourceTree = "<group>"; };
		C3D992A91B392630005D013F /* FirstViewController.m */ = {isa = PBXFileReference; lastKnownFileType = sourcecode.c.objc; path = FirstViewController.m; sourceTree = "<group>"; };
		C3D992AC1B392630005D013F /* Base */ = {isa = PBXFileReference; lastKnownFileType = file.storyboard; name = Base; path = Base.lproj/Main.storyboard; sourceTree = "<group>"; };
		C3D992AE1B392630005D013F /* Images.xcassets */ = {isa = PBXFileReference; lastKnownFileType = folder.assetcatalog; path = Images.xcassets; sourceTree = "<group>"; };
		C3D992B71B392630005D013F /* PhotoUploadTests.xctest */ = {isa = PBXFileReference; explicitFileType = wrapper.cfbundle; includeInIndex = 0; path = PhotoUploadTests.xctest; sourceTree = BUILT_PRODUCTS_DIR; };
		C3D992BC1B392630005D013F /* Info.plist */ = {isa = PBXFileReference; lastKnownFileType = text.plist.xml; path = Info.plist; sourceTree = "<group>"; };
		C3D992BD1B392630005D013F /* PhotoUploadTests.m */ = {isa = PBXFileReference; lastKnownFileType = sourcecode.c.objc; path = PhotoUploadTests.m; sourceTree = "<group>"; };
		C3D992C71B3928D6005D013F /* PhotoViewController.h */ = {isa = PBXFileReference; fileEncoding = 4; lastKnownFileType = sourcecode.c.h; name = PhotoViewController.h; path = ../PhotoViewController.h; sourceTree = "<group>"; };
		C3D992C81B3928D6005D013F /* PhotoViewController.m */ = {isa = PBXFileReference; fileEncoding = 4; lastKnownFileType = sourcecode.c.objc; name = PhotoViewController.m; path = ../PhotoViewController.m; sourceTree = "<group>"; };
		C3D992CA1B392A88005D013F /* AdSupport.framework */ = {isa = PBXFileReference; lastKnownFileType = wrapper.framework; name = AdSupport.framework; path = System/Library/Frameworks/AdSupport.framework; sourceTree = SDKROOT; };
		C3D992CC1B392AA9005D013F /* UIKit.framework */ = {isa = PBXFileReference; lastKnownFileType = wrapper.framework; name = UIKit.framework; path = System/Library/Frameworks/UIKit.framework; sourceTree = SDKROOT; };
		C3D992CE1B392AB8005D013F /* Foundation.framework */ = {isa = PBXFileReference; lastKnownFileType = wrapper.framework; name = Foundation.framework; path = System/Library/Frameworks/Foundation.framework; sourceTree = SDKROOT; };
		C3D992D01B392AC2005D013F /* CoreGraphics.framework */ = {isa = PBXFileReference; lastKnownFileType = wrapper.framework; name = CoreGraphics.framework; path = System/Library/Frameworks/CoreGraphics.framework; sourceTree = SDKROOT; };
		C3D992D31B392F19005D013F /* btn053_09.png */ = {isa = PBXFileReference; lastKnownFileType = image.png; path = btn053_09.png; sourceTree = "<group>"; };
		C3F182261B4626AE00541182 /* WebViewController.h */ = {isa = PBXFileReference; fileEncoding = 4; lastKnownFileType = sourcecode.c.h; path = WebViewController.h; sourceTree = "<group>"; };
		C3F182271B4626AE00541182 /* WebViewController.m */ = {isa = PBXFileReference; fileEncoding = 4; lastKnownFileType = sourcecode.c.objc; path = WebViewController.m; sourceTree = "<group>"; };
		C3F182291B465C7900541182 /* btn_green.png */ = {isa = PBXFileReference; lastKnownFileType = image.png; path = btn_green.png; sourceTree = "<group>"; };
/* End PBXFileReference section */

/* Begin PBXFrameworksBuildPhase section */
		C3D992981B392630005D013F /* Frameworks */ = {
			isa = PBXFrameworksBuildPhase;
			buildActionMask = 2147483647;
			files = (
				C3D992D11B392AC2005D013F /* CoreGraphics.framework in Frameworks */,
				C3D992CF1B392AB8005D013F /* Foundation.framework in Frameworks */,
				C3D992CD1B392AA9005D013F /* UIKit.framework in Frameworks */,
				C3D992CB1B392A88005D013F /* AdSupport.framework in Frameworks */,
			);
			runOnlyForDeploymentPostprocessing = 0;
		};
		C3D992B41B392630005D013F /* Frameworks */ = {
			isa = PBXFrameworksBuildPhase;
			buildActionMask = 2147483647;
			files = (
			);
			runOnlyForDeploymentPostprocessing = 0;
		};
/* End PBXFrameworksBuildPhase section */

/* Begin PBXGroup section */
		C3D992921B392630005D013F = {
			isa = PBXGroup;
			children = (
				C30E07791B99529A00C22465 /* upload76.png */,
				C30E077A1B99529A00C22465 /* upload152.png */,
				C3F182291B465C7900541182 /* btn_green.png */,
				C3D992D31B392F19005D013F /* btn053_09.png */,
				C3D9929D1B392630005D013F /* PhotoUpload */,
				C3D992D21B392ACB005D013F /* Frameworks */,
				C3D992BA1B392630005D013F /* PhotoUploadTests */,
				C3D9929C1B392630005D013F /* Products */,
			);
			sourceTree = "<group>";
		};
		C3D9929C1B392630005D013F /* Products */ = {
			isa = PBXGroup;
			children = (
				C3D9929B1B392630005D013F /* PhotoUpload.app */,
				C3D992B71B392630005D013F /* PhotoUploadTests.xctest */,
			);
			name = Products;
			sourceTree = "<group>";
		};
		C3D9929D1B392630005D013F /* PhotoUpload */ = {
			isa = PBXGroup;
			children = (
				C3766C5C1B43C4D800E846CB /* Json.h */,
				C3766C5D1B43C4D800E846CB /* Json.m */,
				C3D992A21B392630005D013F /* AppDelegate.h */,
				C3D992A31B392630005D013F /* AppDelegate.m */,
				C3D992A81B392630005D013F /* FirstViewController.h */,
				C3D992A91B392630005D013F /* FirstViewController.m */,
				C3766C5F1B43CFBE00E846CB /* SecondViewController.h */,
				C3766C601B43CFBE00E846CB /* SecondViewController.m */,
				C3766C621B43CFD800E846CB /* ThirdViewController.h */,
				C3766C631B43CFD800E846CB /* ThirdViewController.m */,
				C3D992C71B3928D6005D013F /* PhotoViewController.h */,
				C3D992C81B3928D6005D013F /* PhotoViewController.m */,
				C3F182261B4626AE00541182 /* WebViewController.h */,
				C3F182271B4626AE00541182 /* WebViewController.m */,
				C3D992AB1B392630005D013F /* Main.storyboard */,
				C3D992AE1B392630005D013F /* Images.xcassets */,
				C3D992A51B392630005D013F /* PhotoUpload.xcdatamodeld */,
				C3D9929E1B392630005D013F /* Supporting Files */,
			);
			path = PhotoUpload;
			sourceTree = "<group>";
		};
		C3D9929E1B392630005D013F /* Supporting Files */ = {
			isa = PBXGroup;
			children = (
				C3D9929F1B392630005D013F /* Info.plist */,
				C3D992A01B392630005D013F /* main.m */,
			);
			name = "Supporting Files";
			sourceTree = "<group>";
		};
		C3D992BA1B392630005D013F /* PhotoUploadTests */ = {
			isa = PBXGroup;
			children = (
				C3D992BD1B392630005D013F /* PhotoUploadTests.m */,
				C3D992BB1B392630005D013F /* Supporting Files */,
			);
			path = PhotoUploadTests;
			sourceTree = "<group>";
		};
		C3D992BB1B392630005D013F /* Supporting Files */ = {
			isa = PBXGroup;
			children = (
				C3D992BC1B392630005D013F /* Info.plist */,
			);
			name = "Supporting Files";
			sourceTree = "<group>";
		};
		C3D992D21B392ACB005D013F /* Frameworks */ = {
			isa = PBXGroup;
			children = (
				C3D992D01B392AC2005D013F /* CoreGraphics.framework */,
				C3D992CE1B392AB8005D013F /* Foundation.framework */,
				C3D992CC1B392AA9005D013F /* UIKit.framework */,
				C3D992CA1B392A88005D013F /* AdSupport.framework */,
			);
			name = Frameworks;
			path = PhotoUpload;
			sourceTree = "<group>";
		};
/* End PBXGroup section */

/* Begin PBXNativeTarget section */
		C3D9929A1B392630005D013F /* PhotoUpload */ = {
			isa = PBXNativeTarget;
			buildConfigurationList = C3D992C11B392630005D013F /* Build configuration list for PBXNativeTarget "PhotoUpload" */;
			buildPhases = (
				C3D992971B392630005D013F /* Sources */,
				C3D992981B392630005D013F /* Frameworks */,
				C3D992991B392630005D013F /* Resources */,
			);
			buildRules = (
			);
			dependencies = (
			);
			name = PhotoUpload;
			productName = PhotoUpload;
			productReference = C3D9929B1B392630005D013F /* PhotoUpload.app */;
			productType = "com.apple.product-type.application";
		};
		C3D992B61B392630005D013F /* PhotoUploadTests */ = {
			isa = PBXNativeTarget;
			buildConfigurationList = C3D992C41B392630005D013F /* Build configuration list for PBXNativeTarget "PhotoUploadTests" */;
			buildPhases = (
				C3D992B31B392630005D013F /* Sources */,
				C3D992B41B392630005D013F /* Frameworks */,
				C3D992B51B392630005D013F /* Resources */,
			);
			buildRules = (
			);
			dependencies = (
				C3D992B91B392630005D013F /* PBXTargetDependency */,
			);
			name = PhotoUploadTests;
			productName = PhotoUploadTests;
			productReference = C3D992B71B392630005D013F /* PhotoUploadTests.xctest */;
			productType = "com.apple.product-type.bundle.unit-test";
		};
/* End PBXNativeTarget section */

/* Begin PBXProject section */
		C3D992931B392630005D013F /* Project object */ = {
			isa = PBXProject;
			attributes = {
				LastUpgradeCheck = 0620;
				ORGANIZATIONNAME = administrator;
				TargetAttributes = {
					C3D9929A1B392630005D013F = {
						CreatedOnToolsVersion = 6.2;
						DevelopmentTeam = G4JZMC2GW3;
					};
					C3D992B61B392630005D013F = {
						CreatedOnToolsVersion = 6.2;
						TestTargetID = C3D9929A1B392630005D013F;
					};
				};
			};
			buildConfigurationList = C3D992961B392630005D013F /* Build configuration list for PBXProject "PhotoUpload" */;
			compatibilityVersion = "Xcode 3.2";
			developmentRegion = English;
			hasScannedForEncodings = 0;
			knownRegions = (
				en,
				Base,
			);
			mainGroup = C3D992921B392630005D013F;
			productRefGroup = C3D9929C1B392630005D013F /* Products */;
			projectDirPath = "";
			projectRoot = "";
			targets = (
				C3D9929A1B392630005D013F /* PhotoUpload */,
				C3D992B61B392630005D013F /* PhotoUploadTests */,
			);
		};
/* End PBXProject section */

/* Begin PBXResourcesBuildPhase section */
		C3D992991B392630005D013F /* Resources */ = {
			isa = PBXResourcesBuildPhase;
			buildActionMask = 2147483647;
			files = (
				C3F1822A1B465C7900541182 /* btn_green.png in Resources */,
				C30E077B1B99529A00C22465 /* upload76.png in Resources */,
				C3D992D41B392F19005D013F /* btn053_09.png in Resources */,
				C3D992AD1B392630005D013F /* Main.storyboard in Resources */,
				C3D992AF1B392630005D013F /* Images.xcassets in Resources */,
				C30E077C1B99529A00C22465 /* upload152.png in Resources */,
			);
			runOnlyForDeploymentPostprocessing = 0;
		};
		C3D992B51B392630005D013F /* Resources */ = {
			isa = PBXResourcesBuildPhase;
			buildActionMask = 2147483647;
			files = (
			);
			runOnlyForDeploymentPostprocessing = 0;
		};
/* End PBXResourcesBuildPhase section */

/* Begin PBXSourcesBuildPhase section */
		C3D992971B392630005D013F /* Sources */ = {
			isa = PBXSourcesBuildPhase;
			buildActionMask = 2147483647;
			files = (
				C3D992C91B3928D6005D013F /* PhotoViewController.m in Sources */,
				C3D992A41B392630005D013F /* AppDelegate.m in Sources */,
				C3766C641B43CFD800E846CB /* ThirdViewController.m in Sources */,
				C3D992A11B392630005D013F /* main.m in Sources */,
				C3F182281B4626AE00541182 /* WebViewController.m in Sources */,
				C3766C611B43CFBE00E846CB /* SecondViewController.m in Sources */,
				C3D992AA1B392630005D013F /* FirstViewController.m in Sources */,
				C3D992A71B392630005D013F /* PhotoUpload.xcdatamodeld in Sources */,
				C3766C5E1B43C4D800E846CB /* Json.m in Sources */,
			);
			runOnlyForDeploymentPostprocessing = 0;
		};
		C3D992B31B392630005D013F /* Sources */ = {
			isa = PBXSourcesBuildPhase;
			buildActionMask = 2147483647;
			files = (
				C3D992BE1B392630005D013F /* PhotoUploadTests.m in Sources */,
			);
			runOnlyForDeploymentPostprocessing = 0;
		};
/* End PBXSourcesBuildPhase section */

/* Begin PBXTargetDependency section */
		C3D992B91B392630005D013F /* PBXTargetDependency */ = {
			isa = PBXTargetDependency;
			target = C3D9929A1B392630005D013F /* PhotoUpload */;
			targetProxy = C3D992B81B392630005D013F /* PBXContainerItemProxy */;
		};
/* End PBXTargetDependency section */

/* Begin PBXVariantGroup section */
		C3D992AB1B392630005D013F /* Main.storyboard */ = {
			isa = PBXVariantGroup;
			children = (
				C3D992AC1B392630005D013F /* Base */,
				C31851991B68BC9B004BA645 /* ja */,
			);
			name = Main.storyboard;
			sourceTree = "<group>";
		};
/* End PBXVariantGroup section */

/* Begin XCBuildConfiguration section */
		C3D992BF1B392630005D013F /* Debug */ = {
			isa = XCBuildConfiguration;
			buildSettings = {
				ALWAYS_SEARCH_USER_PATHS = NO;
				CLANG_CXX_LANGUAGE_STANDARD = "gnu++0x";
				CLANG_CXX_LIBRARY = "libc++";
				CLANG_ENABLE_MODULES = YES;
				CLANG_ENABLE_OBJC_ARC = YES;
				CLANG_WARN_BOOL_CONVERSION = YES;
				CLANG_WARN_CONSTANT_CONVERSION = YES;
				CLANG_WARN_DIRECT_OBJC_ISA_USAGE = YES_ERROR;
				CLANG_WARN_EMPTY_BODY = YES;
				CLANG_WARN_ENUM_CONVERSION = YES;
				CLANG_WARN_INT_CONVERSION = YES;
				CLANG_WARN_OBJC_ROOT_CLASS = YES_ERROR;
				CLANG_WARN_UNREACHABLE_CODE = YES;
				CLANG_WARN__DUPLICATE_METHOD_MATCH = YES;
				"CODE_SIGN_IDENTITY[sdk=iphoneos*]" = "iPhone Developer";
				COPY_PHASE_STRIP = NO;
				ENABLE_STRICT_OBJC_MSGSEND = YES;
				GCC_C_LANGUAGE_STANDARD = gnu99;
				GCC_DYNAMIC_NO_PIC = NO;
				GCC_OPTIMIZATION_LEVEL = 0;
				GCC_PREPROCESSOR_DEFINITIONS = (
					"DEBUG=1",
					"$(inherited)",
				);
				GCC_SYMBOLS_PRIVATE_EXTERN = NO;
				GCC_WARN_64_TO_32_BIT_CONVERSION = YES;
				GCC_WARN_ABOUT_RETURN_TYPE = YES_ERROR;
				GCC_WARN_UNDECLARED_SELECTOR = YES;
				GCC_WARN_UNINITIALIZED_AUTOS = YES_AGGRESSIVE;
				GCC_WARN_UNUSED_FUNCTION = YES;
				GCC_WARN_UNUSED_VARIABLE = YES;
				IPHONEOS_DEPLOYMENT_TARGET = 7.0;
				MTL_ENABLE_DEBUG_INFO = YES;
				ONLY_ACTIVE_ARCH = YES;
				SDKROOT = iphoneos;
				TARGETED_DEVICE_FAMILY = 2;
			};
			name = Debug;
		};
		C3D992C01B392630005D013F /* Release */ = {
			isa = XCBuildConfiguration;
			buildSettings = {
				ALWAYS_SEARCH_USER_PATHS = NO;
				CLANG_CXX_LANGUAGE_STANDARD = "gnu++0x";
				CLANG_CXX_LIBRARY = "libc++";
				CLANG_ENABLE_MODULES = YES;
				CLANG_ENABLE_OBJC_ARC = YES;
				CLANG_WARN_BOOL_CONVERSION = YES;
				CLANG_WARN_CONSTANT_CONVERSION = YES;
				CLANG_WARN_DIRECT_OBJC_ISA_USAGE = YES_ERROR;
				CLANG_WARN_EMPTY_BODY = YES;
				CLANG_WARN_ENUM_CONVERSION = YES;
				CLANG_WARN_INT_CONVERSION = YES;
				CLANG_WARN_OBJC_ROOT_CLASS = YES_ERROR;
				CLANG_WARN_UNREACHABLE_CODE = YES;
				CLANG_WARN__DUPLICATE_METHOD_MATCH = YES;
				"CODE_SIGN_IDENTITY[sdk=iphoneos*]" = "iPhone Developer";
				COPY_PHASE_STRIP = NO;
				ENABLE_NS_ASSERTIONS = NO;
				ENABLE_STRICT_OBJC_MSGSEND = YES;
				GCC_C_LANGUAGE_STANDARD = gnu99;
				GCC_WARN_64_TO_32_BIT_CONVERSION = YES;
				GCC_WARN_ABOUT_RETURN_TYPE = YES_ERROR;
				GCC_WARN_UNDECLARED_SELECTOR = YES;
				GCC_WARN_UNINITIALIZED_AUTOS = YES_AGGRESSIVE;
				GCC_WARN_UNUSED_FUNCTION = YES;
				GCC_WARN_UNUSED_VARIABLE = YES;
				IPHONEOS_DEPLOYMENT_TARGET = 7.0;
				MTL_ENABLE_DEBUG_INFO = NO;
				SDKROOT = iphoneos;
				TARGETED_DEVICE_FAMILY = 2;
				VALIDATE_PRODUCT = YES;
			};
			name = Release;
		};
		C3D992C21B392630005D013F /* Debug */ = {
			isa = XCBuildConfiguration;
			buildSettings = {
				ASSETCATALOG_COMPILER_APPICON_NAME = AppIcon;
				CODE_SIGN_IDENTITY = "iPhone Developer";
				INFOPLIST_FILE = PhotoUpload/Info.plist;
				LD_RUNPATH_SEARCH_PATHS = "$(inherited) @executable_path/Frameworks";
				PRODUCT_NAME = "$(TARGET_NAME)";
				PROVISIONING_PROFILE = "";
			};
			name = Debug;
		};
		C3D992C31B392630005D013F /* Release */ = {
			isa = XCBuildConfiguration;
			buildSettings = {
				ASSETCATALOG_COMPILER_APPICON_NAME = AppIcon;
				INFOPLIST_FILE = PhotoUpload/Info.plist;
				LD_RUNPATH_SEARCH_PATHS = "$(inherited) @executable_path/Frameworks";
				PRODUCT_NAME = "$(TARGET_NAME)";
				PROVISIONING_PROFILE = "bfc607e0-dcdb-413f-8566-fb076cc7ab30";
			};
			name = Release;
		};
		C3D992C51B392630005D013F /* Debug */ = {
			isa = XCBuildConfiguration;
			buildSettings = {
				BUNDLE_LOADER = "$(TEST_HOST)";
				FRAMEWORK_SEARCH_PATHS = (
					"$(SDKROOT)/Developer/Library/Frameworks",
					"$(inherited)",
				);
				GCC_PREPROCESSOR_DEFINITIONS = (
					"DEBUG=1",
					"$(inherited)",
				);
				INFOPLIST_FILE = PhotoUploadTests/Info.plist;
				LD_RUNPATH_SEARCH_PATHS = "$(inherited) @executable_path/Frameworks @loader_path/Frameworks";
				PRODUCT_NAME = "$(TARGET_NAME)";
				TEST_HOST = "$(BUILT_PRODUCTS_DIR)/PhotoUpload.app/PhotoUpload";
			};
			name = Debug;
		};
		C3D992C61B392630005D013F /* Release */ = {
			isa = XCBuildConfiguration;
			buildSettings = {
				BUNDLE_LOADER = "$(TEST_HOST)";
				FRAMEWORK_SEARCH_PATHS = (
					"$(SDKROOT)/Developer/Library/Frameworks",
					"$(inherited)",
				);
				INFOPLIST_FILE = PhotoUploadTests/Info.plist;
				LD_RUNPATH_SEARCH_PATHS = "$(inherited) @executable_path/Frameworks @loader_path/Frameworks";
				PRODUCT_NAME = "$(TARGET_NAME)";
				TEST_HOST = "$(BUILT_PRODUCTS_DIR)/PhotoUpload.app/PhotoUpload";
			};
			name = Release;
		};
/* End XCBuildConfiguration section */

/* Begin XCConfigurationList section */
		C3D992961B392630005D013F /* Build configuration list for PBXProject "PhotoUpload" */ = {
			isa = XCConfigurationList;
			buildConfigurations = (
				C3D992BF1B392630005D013F /* Debug */,
				C3D992C01B392630005D013F /* Release */,
			);
			defaultConfigurationIsVisible = 0;
			defaultConfigurationName = Release;
		};
		C3D992C11B392630005D013F /* Build configuration list for PBXNativeTarget "PhotoUpload" */ = {
			isa = XCConfigurationList;
			buildConfigurations = (
				C3D992C21B392630005D013F /* Debug */,
				C3D992C31B392630005D013F /* Release */,
			);
			defaultConfigurationIsVisible = 0;
			defaultConfigurationName = Release;
		};
		C3D992C41B392630005D013F /* Build configuration list for PBXNativeTarget "PhotoUploadTests" */ = {
			isa = XCConfigurationList;
			buildConfigurations = (
				C3D992C51B392630005D013F /* Debug */,
				C3D992C61B392630005D013F /* Release */,
			);
			defaultConfigurationIsVisible = 0;
			defaultConfigurationName = Release;
		};
/* End XCConfigurationList section */

/* Begin XCVersionGroup section */
		C3D992A51B392630005D013F /* PhotoUpload.xcdatamodeld */ = {
			isa = XCVersionGroup;
			children = (
				C3D992A61B392630005D013F /* PhotoUpload.xcdatamodel */,
			);
			currentVersion = C3D992A61B392630005D013F /* PhotoUpload.xcdatamodel */;
			path = PhotoUpload.xcdatamodeld;
			sourceTree = "<group>";
			versionGroupType = wrapper.xcdatamodel;
		};
/* End XCVersionGroup section */
	};
	rootObject = C3D992931B392630005D013F /* Project object */;
}
